// !$*UTF8*$!
{
	archiveVersion = 1;
	classes = {
	};
	objectVersion = 50;
	objects = {

/* Begin PBXBuildFile section */
		E7B3F1F7217ECC1800616FB1 /* AppDelegate.swift in Sources */ = {isa = PBXBuildFile; fileRef = E7B3F1F6217ECC1800616FB1 /* AppDelegate.swift */; };
		E7B3F1FE217ECC1900616FB1 /* Assets.xcassets in Resources */ = {isa = PBXBuildFile; fileRef = E7B3F1FD217ECC1900616FB1 /* Assets.xcassets */; };
		E7B3F201217ECC1900616FB1 /* LaunchScreen.storyboard in Resources */ = {isa = PBXBuildFile; fileRef = E7B3F1FF217ECC1900616FB1 /* LaunchScreen.storyboard */; };
		E7B3F20C217ECC1900616FB1 /* YOQuzzlierTests.swift in Sources */ = {isa = PBXBuildFile; fileRef = E7B3F20B217ECC1900616FB1 /* YOQuzzlierTests.swift */; };
		E7B3F217217ECC1900616FB1 /* YOQuzzlierUITests.swift in Sources */ = {isa = PBXBuildFile; fileRef = E7B3F216217ECC1900616FB1 /* YOQuzzlierUITests.swift */; };
		E7B3F228217ECC7400616FB1 /* RootViewController.swift in Sources */ = {isa = PBXBuildFile; fileRef = E7B3F227217ECC7400616FB1 /* RootViewController.swift */; };
		E7B3F22A217ECCCD00616FB1 /* Question.swift in Sources */ = {isa = PBXBuildFile; fileRef = E7B3F229217ECCCD00616FB1 /* Question.swift */; };
		E7B3F22C217ECD4200616FB1 /* QuestionList.swift in Sources */ = {isa = PBXBuildFile; fileRef = E7B3F22B217ECD4200616FB1 /* QuestionList.swift */; };
/* End PBXBuildFile section */

/* Begin PBXContainerItemProxy section */
		E7B3F208217ECC1900616FB1 /* PBXContainerItemProxy */ = {
			isa = PBXContainerItemProxy;
			containerPortal = E7B3F1EB217ECC1800616FB1 /* Project object */;
			proxyType = 1;
			remoteGlobalIDString = E7B3F1F2217ECC1800616FB1;
			remoteInfo = YOQuzzlier;
		};
		E7B3F213217ECC1900616FB1 /* PBXContainerItemProxy */ = {
			isa = PBXContainerItemProxy;
			containerPortal = E7B3F1EB217ECC1800616FB1 /* Project object */;
			proxyType = 1;
			remoteGlobalIDString = E7B3F1F2217ECC1800616FB1;
			remoteInfo = YOQuzzlier;
		};
/* End PBXContainerItemProxy section */

/* Begin PBXFileReference section */
		E7B3F1F3217ECC1800616FB1 /* YOQuzzlier.app */ = {isa = PBXFileReference; explicitFileType = wrapper.application; includeInIndex = 0; path = YOQuzzlier.app; sourceTree = BUILT_PRODUCTS_DIR; };
		E7B3F1F6217ECC1800616FB1 /* AppDelegate.swift */ = {isa = PBXFileReference; lastKnownFileType = sourcecode.swift; path = AppDelegate.swift; sourceTree = "<group>"; };
		E7B3F1FD217ECC1900616FB1 /* Assets.xcassets */ = {isa = PBXFileReference; lastKnownFileType = folder.assetcatalog; path = Assets.xcassets; sourceTree = "<group>"; };
		E7B3F200217ECC1900616FB1 /* Base */ = {isa = PBXFileReference; lastKnownFileType = file.storyboard; name = Base; path = Base.lproj/LaunchScreen.storyboard; sourceTree = "<group>"; };
		E7B3F202217ECC1900616FB1 /* Info.plist */ = {isa = PBXFileReference; lastKnownFileType = text.plist.xml; path = Info.plist; sourceTree = "<group>"; };
		E7B3F207217ECC1900616FB1 /* YOQuzzlierTests.xctest */ = {isa = PBXFileReference; explicitFileType = wrapper.cfbundle; includeInIndex = 0; path = YOQuzzlierTests.xctest; sourceTree = BUILT_PRODUCTS_DIR; };
		E7B3F20B217ECC1900616FB1 /* YOQuzzlierTests.swift */ = {isa = PBXFileReference; lastKnownFileType = sourcecode.swift; path = YOQuzzlierTests.swift; sourceTree = "<group>"; };
		E7B3F20D217ECC1900616FB1 /* Info.plist */ = {isa = PBXFileReference; lastKnownFileType = text.plist.xml; path = Info.plist; sourceTree = "<group>"; };
		E7B3F212217ECC1900616FB1 /* YOQuzzlierUITests.xctest */ = {isa = PBXFileReference; explicitFileType = wrapper.cfbundle; includeInIndex = 0; path = YOQuzzlierUITests.xctest; sourceTree = BUILT_PRODUCTS_DIR; };
		E7B3F216217ECC1900616FB1 /* YOQuzzlierUITests.swift */ = {isa = PBXFileReference; lastKnownFileType = sourcecode.swift; path = YOQuzzlierUITests.swift; sourceTree = "<group>"; };
		E7B3F218217ECC1900616FB1 /* Info.plist */ = {isa = PBXFileReference; lastKnownFileType = text.plist.xml; path = Info.plist; sourceTree = "<group>"; };
		E7B3F227217ECC7400616FB1 /* RootViewController.swift */ = {isa = PBXFileReference; lastKnownFileType = sourcecode.swift; path = RootViewController.swift; sourceTree = "<group>"; };
		E7B3F229217ECCCD00616FB1 /* Question.swift */ = {isa = PBXFileReference; lastKnownFileType = sourcecode.swift; path = Question.swift; sourceTree = "<group>"; };
		E7B3F22B217ECD4200616FB1 /* QuestionList.swift */ = {isa = PBXFileReference; lastKnownFileType = sourcecode.swift; path = QuestionList.swift; sourceTree = "<group>"; };
/* End PBXFileReference section */

/* Begin PBXFrameworksBuildPhase section */
		E7B3F1F0217ECC1800616FB1 /* Frameworks */ = {
			isa = PBXFrameworksBuildPhase;
			buildActionMask = 2147483647;
			files = (
			);
			runOnlyForDeploymentPostprocessing = 0;
		};
		E7B3F204217ECC1900616FB1 /* Frameworks */ = {
			isa = PBXFrameworksBuildPhase;
			buildActionMask = 2147483647;
			files = (
			);
			runOnlyForDeploymentPostprocessing = 0;
		};
		E7B3F20F217ECC1900616FB1 /* Frameworks */ = {
			isa = PBXFrameworksBuildPhase;
			buildActionMask = 2147483647;
			files = (
			);
			runOnlyForDeploymentPostprocessing = 0;
		};
/* End PBXFrameworksBuildPhase section */

/* Begin PBXGroup section */
		E7B3F1EA217ECC1800616FB1 = {
			isa = PBXGroup;
			children = (
				E7B3F1F5217ECC1800616FB1 /* YOQuzzlier */,
				E7B3F20A217ECC1900616FB1 /* YOQuzzlierTests */,
				E7B3F215217ECC1900616FB1 /* YOQuzzlierUITests */,
				E7B3F1F4217ECC1800616FB1 /* Products */,
			);
			sourceTree = "<group>";
		};
		E7B3F1F4217ECC1800616FB1 /* Products */ = {
			isa = PBXGroup;
			children = (
				E7B3F1F3217ECC1800616FB1 /* YOQuzzlier.app */,
				E7B3F207217ECC1900616FB1 /* YOQuzzlierTests.xctest */,
				E7B3F212217ECC1900616FB1 /* YOQuzzlierUITests.xctest */,
			);
			name = Products;
			sourceTree = "<group>";
		};
		E7B3F1F5217ECC1800616FB1 /* YOQuzzlier */ = {
			isa = PBXGroup;
			children = (
				E7B3F226217ECC4400616FB1 /* Controller */,
				E7B3F225217ECC3F00616FB1 /* View */,
				E7B3F224217ECC3500616FB1 /* Model */,
				E7B3F1FD217ECC1900616FB1 /* Assets.xcassets */,
				E7B3F1FF217ECC1900616FB1 /* LaunchScreen.storyboard */,
				E7B3F202217ECC1900616FB1 /* Info.plist */,
			);
			path = YOQuzzlier;
			sourceTree = "<group>";
		};
		E7B3F20A217ECC1900616FB1 /* YOQuzzlierTests */ = {
			isa = PBXGroup;
			children = (
				E7B3F20B217ECC1900616FB1 /* YOQuzzlierTests.swift */,
				E7B3F20D217ECC1900616FB1 /* Info.plist */,
			);
			path = YOQuzzlierTests;
			sourceTree = "<group>";
		};
		E7B3F215217ECC1900616FB1 /* YOQuzzlierUITests */ = {
			isa = PBXGroup;
			children = (
				E7B3F216217ECC1900616FB1 /* YOQuzzlierUITests.swift */,
				E7B3F218217ECC1900616FB1 /* Info.plist */,
			);
			path = YOQuzzlierUITests;
			sourceTree = "<group>";
		};
		E7B3F224217ECC3500616FB1 /* Model */ = {
			isa = PBXGroup;
			children = (
				E7B3F229217ECCCD00616FB1 /* Question.swift */,
				E7B3F22B217ECD4200616FB1 /* QuestionList.swift */,
			);
			path = Model;
			sourceTree = "<group>";
		};
		E7B3F225217ECC3F00616FB1 /* View */ = {
			isa = PBXGroup;
			children = (
			);
			path = View;
			sourceTree = "<group>";
		};
		E7B3F226217ECC4400616FB1 /* Controller */ = {
			isa = PBXGroup;
			children = (
				E7B3F1F6217ECC1800616FB1 /* AppDelegate.swift */,
				E7B3F227217ECC7400616FB1 /* RootViewController.swift */,
			);
			path = Controller;
			sourceTree = "<group>";
		};
/* End PBXGroup section */

/* Begin PBXNativeTarget section */
		E7B3F1F2217ECC1800616FB1 /* YOQuzzlier */ = {
			isa = PBXNativeTarget;
			buildConfigurationList = E7B3F21B217ECC1900616FB1 /* Build configuration list for PBXNativeTarget "YOQuzzlier" */;
			buildPhases = (
				E7B3F1EF217ECC1800616FB1 /* Sources */,
				E7B3F1F0217ECC1800616FB1 /* Frameworks */,
				E7B3F1F1217ECC1800616FB1 /* Resources */,
			);
			buildRules = (
			);
			dependencies = (
			);
			name = YOQuzzlier;
			productName = YOQuzzlier;
			productReference = E7B3F1F3217ECC1800616FB1 /* YOQuzzlier.app */;
			productType = "com.apple.product-type.application";
		};
		E7B3F206217ECC1900616FB1 /* YOQuzzlierTests */ = {
			isa = PBXNativeTarget;
			buildConfigurationList = E7B3F21E217ECC1900616FB1 /* Build configuration list for PBXNativeTarget "YOQuzzlierTests" */;
			buildPhases = (
				E7B3F203217ECC1900616FB1 /* Sources */,
				E7B3F204217ECC1900616FB1 /* Frameworks */,
				E7B3F205217ECC1900616FB1 /* Resources */,
			);
			buildRules = (
			);
			dependencies = (
				E7B3F209217ECC1900616FB1 /* PBXTargetDependency */,
			);
			name = YOQuzzlierTests;
			productName = YOQuzzlierTests;
			productReference = E7B3F207217ECC1900616FB1 /* YOQuzzlierTests.xctest */;
			productType = "com.apple.product-type.bundle.unit-test";
		};
		E7B3F211217ECC1900616FB1 /* YOQuzzlierUITests */ = {
			isa = PBXNativeTarget;
			buildConfigurationList = E7B3F221217ECC1900616FB1 /* Build configuration list for PBXNativeTarget "YOQuzzlierUITests" */;
			buildPhases = (
				E7B3F20E217ECC1900616FB1 /* Sources */,
				E7B3F20F217ECC1900616FB1 /* Frameworks */,
				E7B3F210217ECC1900616FB1 /* Resources */,
			);
			buildRules = (
			);
			dependencies = (
				E7B3F214217ECC1900616FB1 /* PBXTargetDependency */,
			);
			name = YOQuzzlierUITests;
			productName = YOQuzzlierUITests;
			productReference = E7B3F212217ECC1900616FB1 /* YOQuzzlierUITests.xctest */;
			productType = "com.apple.product-type.bundle.ui-testing";
		};
/* End PBXNativeTarget section */

/* Begin PBXProject section */
		E7B3F1EB217ECC1800616FB1 /* Project object */ = {
			isa = PBXProject;
			attributes = {
				LastSwiftUpdateCheck = 0940;
				LastUpgradeCheck = 0940;
				ORGANIZATIONNAME = hello;
				TargetAttributes = {
					E7B3F1F2217ECC1800616FB1 = {
						CreatedOnToolsVersion = 9.4.1;
					};
					E7B3F206217ECC1900616FB1 = {
						CreatedOnToolsVersion = 9.4.1;
						TestTargetID = E7B3F1F2217ECC1800616FB1;
					};
					E7B3F211217ECC1900616FB1 = {
						CreatedOnToolsVersion = 9.4.1;
						TestTargetID = E7B3F1F2217ECC1800616FB1;
					};
				};
			};
			buildConfigurationList = E7B3F1EE217ECC1800616FB1 /* Build configuration list for PBXProject "YOQuzzlier" */;
			compatibilityVersion = "Xcode 9.3";
			developmentRegion = en;
			hasScannedForEncodings = 0;
			knownRegions = (
				en,
				Base,
			);
			mainGroup = E7B3F1EA217ECC1800616FB1;
			productRefGroup = E7B3F1F4217ECC1800616FB1 /* Products */;
			projectDirPath = "";
			projectRoot = "";
			targets = (
				E7B3F1F2217ECC1800616FB1 /* YOQuzzlier */,
				E7B3F206217ECC1900616FB1 /* YOQuzzlierTests */,
				E7B3F211217ECC1900616FB1 /* YOQuzzlierUITests */,
			);
		};
/* End PBXProject section */

/* Begin PBXResourcesBuildPhase section */
		E7B3F1F1217ECC1800616FB1 /* Resources */ = {
			isa = PBXResourcesBuildPhase;
			buildActionMask = 2147483647;
			files = (
				E7B3F201217ECC1900616FB1 /* LaunchScreen.storyboard in Resources */,
				E7B3F1FE217ECC1900616FB1 /* Assets.xcassets in Resources */,
			);
			runOnlyForDeploymentPostprocessing = 0;
		};
		E7B3F205217ECC1900616FB1 /* Resources */ = {
			isa = PBXResourcesBuildPhase;
			buildActionMask = 2147483647;
			files = (
			);
			runOnlyForDeploymentPostprocessing = 0;
		};
		E7B3F210217ECC1900616FB1 /* Resources */ = {
			isa = PBXResourcesBuildPhase;
			buildActionMask = 2147483647;
			files = (
			);
			runOnlyForDeploymentPostprocessing = 0;
		};
/* End PBXResourcesBuildPhase section */

/* Begin PBXSourcesBuildPhase section */
		E7B3F1EF217ECC1800616FB1 /* Sources */ = {
			isa = PBXSourcesBuildPhase;
			buildActionMask = 2147483647;
			files = (
				E7B3F22A217ECCCD00616FB1 /* Question.swift in Sources */,
				E7B3F22C217ECD4200616FB1 /* QuestionList.swift in Sources */,
				E7B3F1F7217ECC1800616FB1 /* AppDelegate.swift in Sources */,
				E7B3F228217ECC7400616FB1 /* RootViewController.swift in Sources */,
			);
			runOnlyForDeploymentPostprocessing = 0;
		};
		E7B3F203217ECC1900616FB1 /* Sources */ = {
			isa = PBXSourcesBuildPhase;
			buildActionMask = 2147483647;
			files = (
				E7B3F20C217ECC1900616FB1 /* YOQuzzlierTests.swift in Sources */,
			);
			runOnlyForDeploymentPostprocessing = 0;
		};
		E7B3F20E217ECC1900616FB1 /* Sources */ = {
			isa = PBXSourcesBuildPhase;
			buildActionMask = 2147483647;
			files = (
				E7B3F217217ECC1900616FB1 /* YOQuzzlierUITests.swift in Sources */,
			);
			runOnlyForDeploymentPostprocessing = 0;
		};
/* End PBXSourcesBuildPhase section */

/* Begin PBXTargetDependency section */
		E7B3F209217ECC1900616FB1 /* PBXTargetDependency */ = {
			isa = PBXTargetDependency;
			target = E7B3F1F2217ECC1800616FB1 /* YOQuzzlier */;
			targetProxy = E7B3F208217ECC1900616FB1 /* PBXContainerItemProxy */;
		};
		E7B3F214217ECC1900616FB1 /* PBXTargetDependency */ = {
			isa = PBXTargetDependency;
			target = E7B3F1F2217ECC1800616FB1 /* YOQuzzlier */;
			targetProxy = E7B3F213217ECC1900616FB1 /* PBXContainerItemProxy */;
		};
/* End PBXTargetDependency section */

/* Begin PBXVariantGroup section */
		E7B3F1FF217ECC1900616FB1 /* LaunchScreen.storyboard */ = {
			isa = PBXVariantGroup;
			children = (
				E7B3F200217ECC1900616FB1 /* Base */,
			);
			name = LaunchScreen.storyboard;
			sourceTree = "<group>";
		};
/* End PBXVariantGroup section */

/* Begin XCBuildConfiguration section */
		E7B3F219217ECC1900616FB1 /* Debug */ = {
			isa = XCBuildConfiguration;
			buildSettings = {
				ALWAYS_SEARCH_USER_PATHS = NO;
				CLANG_ANALYZER_NONNULL = YES;
				CLANG_ANALYZER_NUMBER_OBJECT_CONVERSION = YES_AGGRESSIVE;
				CLANG_CXX_LANGUAGE_STANDARD = "gnu++14";
				CLANG_CXX_LIBRARY = "libc++";
				CLANG_ENABLE_MODULES = YES;
				CLANG_ENABLE_OBJC_ARC = YES;
				CLANG_ENABLE_OBJC_WEAK = YES;
				CLANG_WARN_BLOCK_CAPTURE_AUTORELEASING = YES;
				CLANG_WARN_BOOL_CONVERSION = YES;
				CLANG_WARN_COMMA = YES;
				CLANG_WARN_CONSTANT_CONVERSION = YES;
				CLANG_WARN_DEPRECATED_OBJC_IMPLEMENTATIONS = YES;
				CLANG_WARN_DIRECT_OBJC_ISA_USAGE = YES_ERROR;
				CLANG_WARN_DOCUMENTATION_COMMENTS = YES;
				CLANG_WARN_EMPTY_BODY = YES;
				CLANG_WARN_ENUM_CONVERSION = YES;
				CLANG_WARN_INFINITE_RECURSION = YES;
				CLANG_WARN_INT_CONVERSION = YES;
				CLANG_WARN_NON_LITERAL_NULL_CONVERSION = YES;
				CLANG_WARN_OBJC_IMPLICIT_RETAIN_SELF = YES;
				CLANG_WARN_OBJC_LITERAL_CONVERSION = YES;
				CLANG_WARN_OBJC_ROOT_CLASS = YES_ERROR;
				CLANG_WARN_RANGE_LOOP_ANALYSIS = YES;
				CLANG_WARN_STRICT_PROTOTYPES = YES;
				CLANG_WARN_SUSPICIOUS_MOVE = YES;
				CLANG_WARN_UNGUARDED_AVAILABILITY = YES_AGGRESSIVE;
				CLANG_WARN_UNREACHABLE_CODE = YES;
				CLANG_WARN__DUPLICATE_METHOD_MATCH = YES;
				CODE_SIGN_IDENTITY = "iPhone Developer";
				COPY_PHASE_STRIP = NO;
				DEBUG_INFORMATION_FORMAT = dwarf;
				ENABLE_STRICT_OBJC_MSGSEND = YES;
				ENABLE_TESTABILITY = YES;
				GCC_C_LANGUAGE_STANDARD = gnu11;
				GCC_DYNAMIC_NO_PIC = NO;
				GCC_NO_COMMON_BLOCKS = YES;
				GCC_OPTIMIZATION_LEVEL = 0;
				GCC_PREPROCESSOR_DEFINITIONS = (
					"DEBUG=1",
					"$(inherited)",
				);
				GCC_WARN_64_TO_32_BIT_CONVERSION = YES;
				GCC_WARN_ABOUT_RETURN_TYPE = YES_ERROR;
				GCC_WARN_UNDECLARED_SELECTOR = YES;
				GCC_WARN_UNINITIALIZED_AUTOS = YES_AGGRESSIVE;
				GCC_WARN_UNUSED_FUNCTION = YES;
				GCC_WARN_UNUSED_VARIABLE = YES;
				IPHONEOS_DEPLOYMENT_TARGET = 11.4;
				MTL_ENABLE_DEBUG_INFO = YES;
				ONLY_ACTIVE_ARCH = YES;
				SDKROOT = iphoneos;
				SWIFT_ACTIVE_COMPILATION_CONDITIONS = DEBUG;
				SWIFT_OPTIMIZATION_LEVEL = "-Onone";
			};
			name = Debug;
		};
		E7B3F21A217ECC1900616FB1 /* Release */ = {
			isa = XCBuildConfiguration;
			buildSettings = {
				ALWAYS_SEARCH_USER_PATHS = NO;
				CLANG_ANALYZER_NONNULL = YES;
				CLANG_ANALYZER_NUMBER_OBJECT_CONVERSION = YES_AGGRESSIVE;
				CLANG_CXX_LANGUAGE_STANDARD = "gnu++14";
				CLANG_CXX_LIBRARY = "libc++";
				CLANG_ENABLE_MODULES = YES;
				CLANG_ENABLE_OBJC_ARC = YES;
				CLANG_ENABLE_OBJC_WEAK = YES;
				CLANG_WARN_BLOCK_CAPTURE_AUTORELEASING = YES;
				CLANG_WARN_BOOL_CONVERSION = YES;
				CLANG_WARN_COMMA = YES;
				CLANG_WARN_CONSTANT_CONVERSION = YES;
				CLANG_WARN_DEPRECATED_OBJC_IMPLEMENTATIONS = YES;
				CLANG_WARN_DIRECT_OBJC_ISA_USAGE = YES_ERROR;
				CLANG_WARN_DOCUMENTATION_COMMENTS = YES;
				CLANG_WARN_EMPTY_BODY = YES;
				CLANG_WARN_ENUM_CONVERSION = YES;
				CLANG_WARN_INFINITE_RECURSION = YES;
				CLANG_WARN_INT_CONVERSION = YES;
				CLANG_WARN_NON_LITERAL_NULL_CONVERSION = YES;
				CLANG_WARN_OBJC_IMPLICIT_RETAIN_SELF = YES;
				CLANG_WARN_OBJC_LITERAL_CONVERSION = YES;
				CLANG_WARN_OBJC_ROOT_CLASS = YES_ERROR;
				CLANG_WARN_RANGE_LOOP_ANALYSIS = YES;
				CLANG_WARN_STRICT_PROTOTYPES = YES;
				CLANG_WARN_SUSPICIOUS_MOVE = YES;
				CLANG_WARN_UNGUARDED_AVAILABILITY = YES_AGGRESSIVE;
				CLANG_WARN_UNREACHABLE_CODE = YES;
				CLANG_WARN__DUPLICATE_METHOD_MATCH = YES;
				CODE_SIGN_IDENTITY = "iPhone Developer";
				COPY_PHASE_STRIP = NO;
				DEBUG_INFORMATION_FORMAT = "dwarf-with-dsym";
				ENABLE_NS_ASSERTIONS = NO;
				ENABLE_STRICT_OBJC_MSGSEND = YES;
				GCC_C_LANGUAGE_STANDARD = gnu11;
				GCC_NO_COMMON_BLOCKS = YES;
				GCC_WARN_64_TO_32_BIT_CONVERSION = YES;
				GCC_WARN_ABOUT_RETURN_TYPE = YES_ERROR;
				GCC_WARN_UNDECLARED_SELECTOR = YES;
				GCC_WARN_UNINITIALIZED_AUTOS = YES_AGGRESSIVE;
				GCC_WARN_UNUSED_FUNCTION = YES;
				GCC_WARN_UNUSED_VARIABLE = YES;
				IPHONEOS_DEPLOYMENT_TARGET = 11.4;
				MTL_ENABLE_DEBUG_INFO = NO;
				SDKROOT = iphoneos;
				SWIFT_COMPILATION_MODE = wholemodule;
				SWIFT_OPTIMIZATION_LEVEL = "-O";
				VALIDATE_PRODUCT = YES;
			};
			name = Release;
		};
		E7B3F21C217ECC1900616FB1 /* Debug */ = {
			isa = XCBuildConfiguration;
			buildSettings = {
				ASSETCATALOG_COMPILER_APPICON_NAME = AppIcon;
				CODE_SIGN_STYLE = Automatic;
				INFOPLIST_FILE = YOQuzzlier/Info.plist;
				LD_RUNPATH_SEARCH_PATHS = (
					"$(inherited)",
					"@executable_path/Frameworks",
				);
				PRODUCT_BUNDLE_IDENTIFIER = com.yangouyaya.YOQuzzlier;
				PRODUCT_NAME = "$(TARGET_NAME)";
				SWIFT_VERSION = 4.0;
				TARGETED_DEVICE_FAMILY = "1,2";
			};
			name = Debug;
		};
		E7B3F21D217ECC1900616FB1 /* Release */ = {
			isa = XCBuildConfiguration;
			buildSettings = {
				ASSETCATALOG_COMPILER_APPICON_NAME = AppIcon;
				CODE_SIGN_STYLE = Automatic;
				INFOPLIST_FILE = YOQuzzlier/Info.plist;
				LD_RUNPATH_SEARCH_PATHS = (
					"$(inherited)",
					"@executable_path/Frameworks",
				);
				PRODUCT_BUNDLE_IDENTIFIER = com.yangouyaya.YOQuzzlier;
				PRODUCT_NAME = "$(TARGET_NAME)";
				SWIFT_VERSION = 4.0;
				TARGETED_DEVICE_FAMILY = "1,2";
			};
			name = Release;
		};
		E7B3F21F217ECC1900616FB1 /* Debug */ = {
			isa = XCBuildConfiguration;
			buildSettings = {
				ALWAYS_EMBED_SWIFT_STANDARD_LIBRARIES = YES;
				BUNDLE_LOADER = "$(TEST_HOST)";
				CODE_SIGN_STYLE = Automatic;
				INFOPLIST_FILE = YOQuzzlierTests/Info.plist;
				LD_RUNPATH_SEARCH_PATHS = (
					"$(inherited)",
					"@executable_path/Frameworks",
					"@loader_path/Frameworks",
				);
				PRODUCT_BUNDLE_IDENTIFIER = com.yangouyaya.YOQuzzlierTests;
				PRODUCT_NAME = "$(TARGET_NAME)";
				SWIFT_VERSION = 4.0;
				TARGETED_DEVICE_FAMILY = "1,2";
				TEST_HOST = "$(BUILT_PRODUCTS_DIR)/YOQuzzlier.app/YOQuzzlier";
			};
			name = Debug;
		};
		E7B3F220217ECC1900616FB1 /* Release */ = {
			isa = XCBuildConfiguration;
			buildSettings = {
				ALWAYS_EMBED_SWIFT_STANDARD_LIBRARIES = YES;
				BUNDLE_LOADER = "$(TEST_HOST)";
				CODE_SIGN_STYLE = Automatic;
				INFOPLIST_FILE = YOQuzzlierTests/Info.plist;
				LD_RUNPATH_SEARCH_PATHS = (
					"$(inherited)",
					"@executable_path/Frameworks",
					"@loader_path/Frameworks",
				);
				PRODUCT_BUNDLE_IDENTIFIER = com.yangouyaya.YOQuzzlierTests;
				PRODUCT_NAME = "$(TARGET_NAME)";
				SWIFT_VERSION = 4.0;
				TARGETED_DEVICE_FAMILY = "1,2";
				TEST_HOST = "$(BUILT_PRODUCTS_DIR)/YOQuzzlier.app/YOQuzzlier";
			};
			name = Release;
		};
		E7B3F222217ECC1900616FB1 /* Debug */ = {
			isa = XCBuildConfiguration;
			buildSettings = {
				ALWAYS_EMBED_SWIFT_STANDARD_LIBRARIES = YES;
				CODE_SIGN_STYLE = Automatic;
				INFOPLIST_FILE = YOQuzzlierUITests/Info.plist;
				LD_RUNPATH_SEARCH_PATHS = (
					"$(inherited)",
					"@executable_path/Frameworks",
					"@loader_path/Frameworks",
				);
				PRODUCT_BUNDLE_IDENTIFIER = com.yangouyaya.YOQuzzlierUITests;
				PRODUCT_NAME = "$(TARGET_NAME)";
				SWIFT_VERSION = 4.0;
				TARGETED_DEVICE_FAMILY = "1,2";
				TEST_TARGET_NAME = YOQuzzlier;
			};
			name = Debug;
		};
		E7B3F223217ECC1900616FB1 /* Release */ = {
			isa = XCBuildConfiguration;
			buildSettings = {
				ALWAYS_EMBED_SWIFT_STANDARD_LIBRARIES = YES;
				CODE_SIGN_STYLE = Automatic;
				INFOPLIST_FILE = YOQuzzlierUITests/Info.plist;
				LD_RUNPATH_SEARCH_PATHS = (
					"$(inherited)",
					"@executable_path/Frameworks",
					"@loader_path/Frameworks",
				);
				PRODUCT_BUNDLE_IDENTIFIER = com.yangouyaya.YOQuzzlierUITests;
				PRODUCT_NAME = "$(TARGET_NAME)";
				SWIFT_VERSION = 4.0;
				TARGETED_DEVICE_FAMILY = "1,2";
				TEST_TARGET_NAME = YOQuzzlier;
			};
			name = Release;
		};
/* End XCBuildConfiguration section */

/* Begin XCConfigurationList section */
		E7B3F1EE217ECC1800616FB1 /* Build configuration list for PBXProject "YOQuzzlier" */ = {
			isa = XCConfigurationList;
			buildConfigurations = (
				E7B3F219217ECC1900616FB1 /* Debug */,
				E7B3F21A217ECC1900616FB1 /* Release */,
			);
			defaultConfigurationIsVisible = 0;
			defaultConfigurationName = Release;
		};
		E7B3F21B217ECC1900616FB1 /* Build configuration list for PBXNativeTarget "YOQuzzlier" */ = {
			isa = XCConfigurationList;
			buildConfigurations = (
				E7B3F21C217ECC1900616FB1 /* Debug */,
				E7B3F21D217ECC1900616FB1 /* Release */,
			);
			defaultConfigurationIsVisible = 0;
			defaultConfigurationName = Release;
		};
		E7B3F21E217ECC1900616FB1 /* Build configuration list for PBXNativeTarget "YOQuzzlierTests" */ = {
			isa = XCConfigurationList;
			buildConfigurations = (
				E7B3F21F217ECC1900616FB1 /* Debug */,
				E7B3F220217ECC1900616FB1 /* Release */,
			);
			defaultConfigurationIsVisible = 0;
			defaultConfigurationName = Release;
		};
		E7B3F221217ECC1900616FB1 /* Build configuration list for PBXNativeTarget "YOQuzzlierUITests" */ = {
			isa = XCConfigurationList;
			buildConfigurations = (
				E7B3F222217ECC1900616FB1 /* Debug */,
				E7B3F223217ECC1900616FB1 /* Release */,
			);
			defaultConfigurationIsVisible = 0;
			defaultConfigurationName = Release;
		};
/* End XCConfigurationList section */
	};
	rootObject = E7B3F1EB217ECC1800616FB1 /* Project object */;
}
